
Microsoft Visual Studio Solution File, Format Version 12.00
# Visual Studio Version 17
VisualStudioVersion = 17.5.33424.131
MinimumVisualStudioVersion = 10.0.40219.1
Project("{FAE04EC0-301F-11D3-BF4B-00C04F79EFBC}") = "Face Recognition Attendance System", "Face Recognition Attendance System.csproj", "{8EF56769-9DB4-4BA7-9339-2D90D71C9733}"
EndProject
Global
	GlobalSection(SolutionConfigurationPlatforms) = preSolution
		Debug|Any CPU = Debug|Any CPU
		Release|Any CPU = Release|Any CPU
	EndGlobalSection
	GlobalSection(ProjectConfigurationPlatforms) = postSolution
		{8EF56769-9DB4-4BA7-9339-2D90D71C9733}.Debug|Any CPU.ActiveCfg = Debug|Any CPU
		{8EF56769-9DB4-4BA7-9339-2D90D71C9733}.Debug|Any CPU.Build.0 = Debug|Any CPU
		{8EF56769-9DB4-4BA7-9339-2D90D71C9733}.Release|Any CPU.ActiveCfg = Release|Any CPU
		{8EF56769-9DB4-4BA7-9339-2D90D71C9733}.Release|Any CPU.Build.0 = Release|Any CPU
	EndGlobalSection
	GlobalSection(SolutionProperties) = preSolution
		HideSolutionNode = FALSE
	EndGlobalSection
	GlobalSection(ExtensibilityGlobals) = postSolution
		SolutionGuid = {52CD2601-70B3-40DC-ACD5-D4F91EDA0B35}
	EndGlobalSection
EndGlobal
